
Microsoft Visual Studio Solution File, Format Version 12.00
# Visual Studio Version 17
VisualStudioVersion = 17.4.33213.308
MinimumVisualStudioVersion = 10.0.40219.1
Project("{FAE04EC0-301F-11D3-BF4B-00C04F79EFBC}") = "Quanlyshopqaothethao", "QLBH\Quanlyshopqaothethao.csproj", "{D1AA8BA4-CA0E-4A5F-AE8D-58CD458082B7}"
EndProject
Project("{54435603-DBB4-11D2-8724-00A0C9A8B90C}") = "Setup1", "Setup1\Setup1.vdproj", "{D4D809AF-E745-49FC-9795-0ACE7B0577B2}"
EndProject
Global
	GlobalSection(SolutionConfigurationPlatforms) = preSolution
		Debug|Any CPU = Debug|Any CPU
		Release|Any CPU = Release|Any CPU
	EndGlobalSection
	GlobalSection(ProjectConfigurationPlatforms) = postSolution
		{D1AA8BA4-CA0E-4A5F-AE8D-58CD458082B7}.Debug|Any CPU.ActiveCfg = Debug|Any CPU
		{D1AA8BA4-CA0E-4A5F-AE8D-58CD458082B7}.Debug|Any CPU.Build.0 = Debug|Any CPU
		{D1AA8BA4-CA0E-4A5F-AE8D-58CD458082B7}.Release|Any CPU.ActiveCfg = Release|Any CPU
		{D1AA8BA4-CA0E-4A5F-AE8D-58CD458082B7}.Release|Any CPU.Build.0 = Release|Any CPU
		{D4D809AF-E745-49FC-9795-0ACE7B0577B2}.Debug|Any CPU.ActiveCfg = Debug
		{D4D809AF-E745-49FC-9795-0ACE7B0577B2}.Release|Any CPU.ActiveCfg = Release
	EndGlobalSection
	GlobalSection(SolutionProperties) = preSolution
		HideSolutionNode = FALSE
	EndGlobalSection
	GlobalSection(ExtensibilityGlobals) = postSolution
		SolutionGuid = {1F4D77AE-DBDD-485A-86E1-CFB29611AAC9}
	EndGlobalSection
EndGlobal
